
Microsoft Visual Studio Solution File, Format Version 12.00
# Visual Studio Version 17
VisualStudioVersion = 17.9.34728.123
MinimumVisualStudioVersion = 10.0.40219.1
Project("{FAE04EC0-301F-11D3-BF4B-00C04F79EFBC}") = "Proga2.1", "Proga2.1\Proga2.1.csproj", "{DC5F4E8A-AB3A-4650-B6B3-5403E9F93A6F}"
EndProject
Global
	GlobalSection(SolutionConfigurationPlatforms) = preSolution
		Debug|Any CPU = Debug|Any CPU
		Release|Any CPU = Release|Any CPU
	EndGlobalSection
	GlobalSection(ProjectConfigurationPlatforms) = postSolution
		{DC5F4E8A-AB3A-4650-B6B3-5403E9F93A6F}.Debug|Any CPU.ActiveCfg = Debug|Any CPU
		{DC5F4E8A-AB3A-4650-B6B3-5403E9F93A6F}.Debug|Any CPU.Build.0 = Debug|Any CPU
		{DC5F4E8A-AB3A-4650-B6B3-5403E9F93A6F}.Release|Any CPU.ActiveCfg = Release|Any CPU
		{DC5F4E8A-AB3A-4650-B6B3-5403E9F93A6F}.Release|Any CPU.Build.0 = Release|Any CPU
	EndGlobalSection
	GlobalSection(SolutionProperties) = preSolution
		HideSolutionNode = FALSE
	EndGlobalSection
	GlobalSection(ExtensibilityGlobals) = postSolution
		SolutionGuid = {45AF994E-2C86-4E05-B93D-E42B0A43902A}
	EndGlobalSection
EndGlobal
